{
    "_readme": [
        "This file locks the dependencies of your project to a known state",
        "Read more about it at https://getcomposer.org/doc/01-basic-usage.md#composer-lock-the-lock-file",
        "This file is @generated automatically"
    ],
    "hash": "bf4c1ed3621612810923f605e8fee4c6",
    "content-hash": "12c955527bf72294c5619be8b9e39d82",
    "packages": [
        {
            "name": "marktopper/imagemagick",
            "version": "1.0",
            "source": {
                "type": "git",
                "url": "https://github.com/marktopper/imagemagick.git",
                "reference": "81a13d2346a955c36abcc30066b1a3a4665114cd"
            },
            "dist": {
                "type": "zip",
                "url": "https://api.github.com/repos/marktopper/imagemagick/zipball/81a13d2346a955c36abcc30066b1a3a4665114cd",
                "reference": "81a13d2346a955c36abcc30066b1a3a4665114cd",
                "shasum": ""
            },
            "type": "package",
            "autoload": {
                "files": [
                    "src/helper.php"
                ]
            },
            "notification-url": "https://packagist.org/downloads/",
            "license": [
                "MIT"
            ],
            "authors": [
                {
                    "name": "Mark Topper",
                    "email": "hi@webman.io"
                }
            ],
            "description": "A composer package for ImageMagick",
            "time": "2015-02-19 14:36:36"
        }
    ],
    "packages-dev": [],
    "aliases": [],
    "minimum-stability": "stable",
    "stability-flags": [],
    "prefer-stable": false,
    "prefer-lowest": false,
    "platform": [],
    "platform-dev": []
}
